
Microsoft Visual Studio Solution File, Format Version 12.00
# Visual Studio 2013
VisualStudioVersion = 12.0.31101.0
MinimumVisualStudioVersion = 10.0.40219.1
Project("{FAE04EC0-301F-11D3-BF4B-00C04F79EFBC}") = "comp2007-lesson4-mon", "comp2007-lesson4-mon\comp2007-lesson4-mon.csproj", "{82E8F59F-A128-4A16-8A76-54B1C99E5EBA}"
EndProject
Global
	GlobalSection(SolutionConfigurationPlatforms) = preSolution
		Debug|Any CPU = Debug|Any CPU
		Release|Any CPU = Release|Any CPU
	EndGlobalSection
	GlobalSection(ProjectConfigurationPlatforms) = postSolution
		{82E8F59F-A128-4A16-8A76-54B1C99E5EBA}.Debug|Any CPU.ActiveCfg = Debug|Any CPU
		{82E8F59F-A128-4A16-8A76-54B1C99E5EBA}.Debug|Any CPU.Build.0 = Debug|Any CPU
		{82E8F59F-A128-4A16-8A76-54B1C99E5EBA}.Release|Any CPU.ActiveCfg = Release|Any CPU
		{82E8F59F-A128-4A16-8A76-54B1C99E5EBA}.Release|Any CPU.Build.0 = Release|Any CPU
	EndGlobalSection
	GlobalSection(SolutionProperties) = preSolution
		HideSolutionNode = FALSE
	EndGlobalSection
EndGlobal
